// !$*UTF8*$!
{
	archiveVersion = 1;
	classes = {
	};
	objectVersion = 56;
	objects = {

/* Begin PBXBuildFile section */
		E78748AF7F7D3DFC4EC8B9A1 /* MarksApp.swift in Sources */ = {isa = PBXBuildFile; fileRef = DCD803509C7615EB601417D1; };
		A8B1CE4568D20AAC49195DB8 /* Bookmark.swift in Sources */ = {isa = PBXBuildFile; fileRef = 709824C82E79ED34BF87D11D; };
		B6811235201F0201BCDFA42C /* Tag.swift in Sources */ = {isa = PBXBuildFile; fileRef = 184CD762FDF83356F9ED3EBE; };
		37459CEC7DAE3EDB590EC8B1 /* ArchivedContent.swift in Sources */ = {isa = PBXBuildFile; fileRef = 10692E871F2BC2363811C8A3; };
		325961D4AE8D9FA23AD348AE /* SupabaseService.swift in Sources */ = {isa = PBXBuildFile; fileRef = 0DC7AA68F56EC40814F8BA56; };
		FB1D29B658990E7CF6D52696 /* SyncEngine.swift in Sources */ = {isa = PBXBuildFile; fileRef = 50218D751C3F1DB2559A7099; };
		0054D431092652477AF9DF93 /* AuthViewModel.swift in Sources */ = {isa = PBXBuildFile; fileRef = 2766BDC403AFBC0A66C05CA9; };
		D59DEE8B3D118F2A899DDFF4 /* BookmarkListViewModel.swift in Sources */ = {isa = PBXBuildFile; fileRef = DFA058FE9F7FAFEA8A56E6DC; };
		6EA86725EB92BC401E8F0B06 /* BookmarkListView.swift in Sources */ = {isa = PBXBuildFile; fileRef = FAD364481B46A61FC3F9AE27; };
		F6908BC8F81667EEBCB4EC3F /* BookmarkRowView.swift in Sources */ = {isa = PBXBuildFile; fileRef = 2857D351A4620E3B1EF17E01; };
		5191B33904A8D6A214A4F182 /* ReaderView.swift in Sources */ = {isa = PBXBuildFile; fileRef = 1D23C5BE2450088B88494EEA; };
		004BB39F4BA3E233B3CE48DA /* AddBookmarkView.swift in Sources */ = {isa = PBXBuildFile; fileRef = 55AF2406EAEA9FB5F6FE53AF; };
		1B8DD8E22F23926C6AD0C528 /* LoginView.swift in Sources */ = {isa = PBXBuildFile; fileRef = 5ADB458135E15A1CBC1C482E; };
		8DA9A947C508A050ACF85B76 /* SettingsView.swift in Sources */ = {isa = PBXBuildFile; fileRef = A22F29FB5F7CFDD595D8D67B; };
		F61558927036F078A651B75C /* ContentView.swift in Sources */ = {isa = PBXBuildFile; fileRef = 73B647329A1E94B80CE7DF30; };
		63D803DD8B3123A4AA73746F /* Assets.xcassets in Resources */ = {isa = PBXBuildFile; fileRef = 30589074456AFCA7378BEB1F; };
		5FBAF819A42BFD0926E6054F /* ReaderStyles.swift in Sources */ = {isa = PBXBuildFile; fileRef = 86DECBC45F6E5B053DF05DF0; };
		3815FEE7B47809AA5A61CB32 /* Date+Extensions.swift in Sources */ = {isa = PBXBuildFile; fileRef = 63E088FDEC94A26DD9F21624; };
		F514DB9FA43BCD55E14993BF /* Config.swift in Sources */ = {isa = PBXBuildFile; fileRef = AE33FD05642C695B3130907E; };
		0DCC69B92A60B9133577C070 /* OfflineStorage.swift in Sources */ = {isa = PBXBuildFile; fileRef = 6B3C226508158FF466CD0C45; };
		8DE1C56CA335250D64928AF7 /* TagsView.swift in Sources */ = {isa = PBXBuildFile; fileRef = E47A6F727959DCB2210B0A6D; };
		368D39B37ED6C618C438EAC1 /* BookmarkDetailView.swift in Sources */ = {isa = PBXBuildFile; fileRef = E19EBF2FDD067AE6C9BFEAF6; };

		/* Share Extension */
		27A7B2CA5A40F194D460BCAC /* ShareViewController.swift in Sources */ = {isa = PBXBuildFile; fileRef = FAD5B471A80BF13CDF45BE55; };
		6C1516546D1928CF65AF0470 /* ShareView.swift in Sources */ = {isa = PBXBuildFile; fileRef = 8780FE5B7D75C80E441116C5; };
/* End PBXBuildFile section */

/* Begin PBXFileReference section */
		DCD803509C7615EB601417D1 /* MarksApp.swift */ = {isa = PBXFileReference; lastKnownFileType = sourcecode.swift; path = MarksApp.swift; sourceTree = "<group>"; };
		709824C82E79ED34BF87D11D /* Bookmark.swift */ = {isa = PBXFileReference; lastKnownFileType = sourcecode.swift; path = Bookmark.swift; sourceTree = "<group>"; };
		184CD762FDF83356F9ED3EBE /* Tag.swift */ = {isa = PBXFileReference; lastKnownFileType = sourcecode.swift; path = Tag.swift; sourceTree = "<group>"; };
		10692E871F2BC2363811C8A3 /* ArchivedContent.swift */ = {isa = PBXFileReference; lastKnownFileType = sourcecode.swift; path = ArchivedContent.swift; sourceTree = "<group>"; };
		0DC7AA68F56EC40814F8BA56 /* SupabaseService.swift */ = {isa = PBXFileReference; lastKnownFileType = sourcecode.swift; path = SupabaseService.swift; sourceTree = "<group>"; };
		50218D751C3F1DB2559A7099 /* SyncEngine.swift */ = {isa = PBXFileReference; lastKnownFileType = sourcecode.swift; path = SyncEngine.swift; sourceTree = "<group>"; };
		2766BDC403AFBC0A66C05CA9 /* AuthViewModel.swift */ = {isa = PBXFileReference; lastKnownFileType = sourcecode.swift; path = AuthViewModel.swift; sourceTree = "<group>"; };
		DFA058FE9F7FAFEA8A56E6DC /* BookmarkListViewModel.swift */ = {isa = PBXFileReference; lastKnownFileType = sourcecode.swift; path = BookmarkListViewModel.swift; sourceTree = "<group>"; };
		FAD364481B46A61FC3F9AE27 /* BookmarkListView.swift */ = {isa = PBXFileReference; lastKnownFileType = sourcecode.swift; path = BookmarkListView.swift; sourceTree = "<group>"; };
		2857D351A4620E3B1EF17E01 /* BookmarkRowView.swift */ = {isa = PBXFileReference; lastKnownFileType = sourcecode.swift; path = BookmarkRowView.swift; sourceTree = "<group>"; };
		1D23C5BE2450088B88494EEA /* ReaderView.swift */ = {isa = PBXFileReference; lastKnownFileType = sourcecode.swift; path = ReaderView.swift; sourceTree = "<group>"; };
		55AF2406EAEA9FB5F6FE53AF /* AddBookmarkView.swift */ = {isa = PBXFileReference; lastKnownFileType = sourcecode.swift; path = AddBookmarkView.swift; sourceTree = "<group>"; };
		5ADB458135E15A1CBC1C482E /* LoginView.swift */ = {isa = PBXFileReference; lastKnownFileType = sourcecode.swift; path = LoginView.swift; sourceTree = "<group>"; };
		A22F29FB5F7CFDD595D8D67B /* SettingsView.swift */ = {isa = PBXFileReference; lastKnownFileType = sourcecode.swift; path = SettingsView.swift; sourceTree = "<group>"; };
		73B647329A1E94B80CE7DF30 /* ContentView.swift */ = {isa = PBXFileReference; lastKnownFileType = sourcecode.swift; path = ContentView.swift; sourceTree = "<group>"; };
		30589074456AFCA7378BEB1F /* Assets.xcassets */ = {isa = PBXFileReference; lastKnownFileType = folder.assetcatalog; path = Assets.xcassets; sourceTree = "<group>"; };
		86DECBC45F6E5B053DF05DF0 /* ReaderStyles.swift */ = {isa = PBXFileReference; lastKnownFileType = sourcecode.swift; path = ReaderStyles.swift; sourceTree = "<group>"; };
		63E088FDEC94A26DD9F21624 /* Date+Extensions.swift */ = {isa = PBXFileReference; lastKnownFileType = sourcecode.swift; path = "Date+Extensions.swift"; sourceTree = "<group>"; };
		AE33FD05642C695B3130907E /* Config.swift */ = {isa = PBXFileReference; lastKnownFileType = sourcecode.swift; path = Config.swift; sourceTree = "<group>"; };
		6B3C226508158FF466CD0C45 /* OfflineStorage.swift */ = {isa = PBXFileReference; lastKnownFileType = sourcecode.swift; path = OfflineStorage.swift; sourceTree = "<group>"; };
		E47A6F727959DCB2210B0A6D /* TagsView.swift */ = {isa = PBXFileReference; lastKnownFileType = sourcecode.swift; path = TagsView.swift; sourceTree = "<group>"; };
		E19EBF2FDD067AE6C9BFEAF6 /* BookmarkDetailView.swift */ = {isa = PBXFileReference; lastKnownFileType = sourcecode.swift; path = BookmarkDetailView.swift; sourceTree = "<group>"; };
		48C3EDB3DC167C42B8A76538 /* Marks.app */ = {isa = PBXFileReference; explicitFileType = wrapper.application; includeInIndex = 0; path = Marks.app; sourceTree = BUILT_PRODUCTS_DIR; };
		A47012F1CA6A232E839547B9 /* Info.plist */ = {isa = PBXFileReference; lastKnownFileType = text.plist.xml; path = Info.plist; sourceTree = "<group>"; };

		FAD5B471A80BF13CDF45BE55 /* ShareViewController.swift */ = {isa = PBXFileReference; lastKnownFileType = sourcecode.swift; path = ShareViewController.swift; sourceTree = "<group>"; };
		8780FE5B7D75C80E441116C5 /* ShareView.swift */ = {isa = PBXFileReference; lastKnownFileType = sourcecode.swift; path = ShareView.swift; sourceTree = "<group>"; };
		5FC210DB290D7CE9BC3C8CBE /* ShareExtension.appex */ = {isa = PBXFileReference; explicitFileType = "wrapper.app-extension"; includeInIndex = 0; path = ShareExtension.appex; sourceTree = BUILT_PRODUCTS_DIR; };
		BE40FCADDC7DB63232877118 /* Info.plist */ = {isa = PBXFileReference; lastKnownFileType = text.plist.xml; path = Info.plist; sourceTree = "<group>"; };
/* End PBXFileReference section */

/* Begin PBXGroup section */
		AA25256B5F8C2DCB8CDCC8C5 /* Root */ = {
			isa = PBXGroup;
			children = (
				992E07A1AA7081EC1FB29F9F /* Marks */,
				CAD27B4001D161327FD56F24 /* ShareExtension */,
				8128EAD20A9CB313BC427DE5 /* Products */,
			);
			sourceTree = "<group>";
		};
		992E07A1AA7081EC1FB29F9F /* Marks */ = {
			isa = PBXGroup;
			children = (
				DCD803509C7615EB601417D1 /* MarksApp.swift */,
				73B647329A1E94B80CE7DF30 /* ContentView.swift */,
				AE33FD05642C695B3130907E /* Config.swift */,
				489211291A324D799ECC1AB7 /* Models */,
				3E47B67E22779815CB1752D3 /* Views */,
				F8FA84051D4DAEECEED959BF /* ViewModels */,
				12D12C7CEF5B4AE06AA9EF51 /* Services */,
				1E91314182109A329D3220A7 /* Reader */,
				30AABBC101085D734066F051 /* Extensions */,
				30589074456AFCA7378BEB1F /* Assets.xcassets */,
				A47012F1CA6A232E839547B9 /* Info.plist */,
			);
			path = Marks;
			sourceTree = "<group>";
		};
		489211291A324D799ECC1AB7 /* Models */ = {
			isa = PBXGroup;
			children = (
				709824C82E79ED34BF87D11D /* Bookmark.swift */,
				184CD762FDF83356F9ED3EBE /* Tag.swift */,
				10692E871F2BC2363811C8A3 /* ArchivedContent.swift */,
			);
			path = Models;
			sourceTree = "<group>";
		};
		3E47B67E22779815CB1752D3 /* Views */ = {
			isa = PBXGroup;
			children = (
				FAD364481B46A61FC3F9AE27 /* BookmarkListView.swift */,
				2857D351A4620E3B1EF17E01 /* BookmarkRowView.swift */,
				55AF2406EAEA9FB5F6FE53AF /* AddBookmarkView.swift */,
				5ADB458135E15A1CBC1C482E /* LoginView.swift */,
				A22F29FB5F7CFDD595D8D67B /* SettingsView.swift */,
				E47A6F727959DCB2210B0A6D /* TagsView.swift */,
				E19EBF2FDD067AE6C9BFEAF6 /* BookmarkDetailView.swift */,
			);
			path = Views;
			sourceTree = "<group>";
		};
		F8FA84051D4DAEECEED959BF /* ViewModels */ = {
			isa = PBXGroup;
			children = (
				2766BDC403AFBC0A66C05CA9 /* AuthViewModel.swift */,
				DFA058FE9F7FAFEA8A56E6DC /* BookmarkListViewModel.swift */,
			);
			path = ViewModels;
			sourceTree = "<group>";
		};
		12D12C7CEF5B4AE06AA9EF51 /* Services */ = {
			isa = PBXGroup;
			children = (
				0DC7AA68F56EC40814F8BA56 /* SupabaseService.swift */,
				50218D751C3F1DB2559A7099 /* SyncEngine.swift */,
				6B3C226508158FF466CD0C45 /* OfflineStorage.swift */,
			);
			path = Services;
			sourceTree = "<group>";
		};
		30AABBC101085D734066F051 /* Extensions */ = {
			isa = PBXGroup;
			children = (
				63E088FDEC94A26DD9F21624 /* Date+Extensions.swift */,
			);
			path = Extensions;
			sourceTree = "<group>";
		};
		8128EAD20A9CB313BC427DE5 /* Products */ = {
			isa = PBXGroup;
			children = (
				48C3EDB3DC167C42B8A76538 /* Marks.app */,
				5FC210DB290D7CE9BC3C8CBE /* ShareExtension.appex */,
			);
			name = Products;
			sourceTree = "<group>";
		};
		CAD27B4001D161327FD56F24 /* ShareExtension */ = {
			isa = PBXGroup;
			children = (
				FAD5B471A80BF13CDF45BE55 /* ShareViewController.swift */,
				8780FE5B7D75C80E441116C5 /* ShareView.swift */,
				BE40FCADDC7DB63232877118 /* Info.plist */,
			);
			path = ShareExtension;
			sourceTree = "<group>";
		};
		1E91314182109A329D3220A7 /* Reader */ = {
			isa = PBXGroup;
			children = (
				1D23C5BE2450088B88494EEA /* ReaderView.swift */,
				86DECBC45F6E5B053DF05DF0 /* ReaderStyles.swift */,
			);
			path = Reader;
			sourceTree = "<group>";
		};
/* End PBXGroup section */

/* Begin PBXNativeTarget section */
		59DC24BC4D6DB2A16060DBF7 /* Marks */ = {
			isa = PBXNativeTarget;
			buildConfigurationList = 04FDE66DF431A3EA1DCE13B8;
			buildPhases = (
				CF87A021C47D14047D2EABF0 /* Sources */,
				C8394EFA7E318977E4030C3E /* Resources */,
				DDCE92A100F5CBB91E524211 /* Embed App Extensions */,
			);
			buildRules = (
			);
			dependencies = (
				706AFD10CF3A6D2EE2AF7544 /* PBXTargetDependency */,
			);
			name = Marks;
			packageProductDependencies = (
				F726C9FD3A46FE36FDE358D5 /* Supabase */,
			);
			productName = Marks;
			productReference = 48C3EDB3DC167C42B8A76538;
			productType = "com.apple.product-type.application";
		};
		99045266A7D8AFE5BCCC835B /* ShareExtension */ = {
			isa = PBXNativeTarget;
			buildConfigurationList = CA61508FD79CFFFADD7BCEDA;
			buildPhases = (
				70B85B44611BB6659AE8F22B /* Sources */,
			);
			buildRules = (
			);
			dependencies = (
			);
			name = ShareExtension;
			packageProductDependencies = (
				71BAA8FCC1A5DB493D18BB91 /* Supabase */,
			);
			productName = ShareExtension;
			productReference = 5FC210DB290D7CE9BC3C8CBE;
			productType = "com.apple.product-type.app-extension";
		};
/* End PBXNativeTarget section */

/* Begin PBXProject section */
		27795C07EB386CC82705FF25 /* Project object */ = {
			isa = PBXProject;
			attributes = {
				BuildIndependentTargetsInParallel = 1;
				LastSwiftUpdateCheck = 1540;
				LastUpgradeCheck = 1540;
			};
			buildConfigurationList = FB373DB91C119157E2D48979;
			compatibilityVersion = "Xcode 14.0";
			developmentRegion = en;
			hasScannedForEncodings = 0;
			knownRegions = (
				en,
				Base,
			);
			mainGroup = AA25256B5F8C2DCB8CDCC8C5;
			packageReferences = (
				9E94C250C95EDC52FC81F157 /* XCRemoteSwiftPackageReference "supabase-swift" */,
			);
			productRefGroup = 8128EAD20A9CB313BC427DE5;
			projectDirPath = "";
			projectRoot = "";
			targets = (
				59DC24BC4D6DB2A16060DBF7 /* Marks */,
				99045266A7D8AFE5BCCC835B /* ShareExtension */,
			);
		};
/* End PBXProject section */

/* Begin PBXSourcesBuildPhase section */
		CF87A021C47D14047D2EABF0 /* Sources */ = {
			isa = PBXSourcesBuildPhase;
			buildActionMask = 2147483647;
			files = (
				E78748AF7F7D3DFC4EC8B9A1,
				A8B1CE4568D20AAC49195DB8,
				B6811235201F0201BCDFA42C,
				37459CEC7DAE3EDB590EC8B1,
				325961D4AE8D9FA23AD348AE,
				FB1D29B658990E7CF6D52696,
				0054D431092652477AF9DF93,
				D59DEE8B3D118F2A899DDFF4,
				6EA86725EB92BC401E8F0B06,
				F6908BC8F81667EEBCB4EC3F,
				5191B33904A8D6A214A4F182,
				004BB39F4BA3E233B3CE48DA,
				1B8DD8E22F23926C6AD0C528,
				8DA9A947C508A050ACF85B76,
				F61558927036F078A651B75C,
				5FBAF819A42BFD0926E6054F,
				3815FEE7B47809AA5A61CB32,
				F514DB9FA43BCD55E14993BF,
				0DCC69B92A60B9133577C070,
				8DE1C56CA335250D64928AF7,
				368D39B37ED6C618C438EAC1,
			);
			runOnlyForDeploymentPostprocessing = 0;
		};
		C8394EFA7E318977E4030C3E /* Resources */ = {
			isa = PBXResourcesBuildPhase;
			buildActionMask = 2147483647;
			files = (
				63D803DD8B3123A4AA73746F,
			);
			runOnlyForDeploymentPostprocessing = 0;
		};
		DDCE92A100F5CBB91E524211 /* Embed App Extensions */ = {
			isa = PBXCopyFilesBuildPhase;
			buildActionMask = 2147483647;
			dstPath = "";
			dstSubfolderSpec = 13;
			files = (
			);
			name = "Embed App Extensions";
			runOnlyForDeploymentPostprocessing = 0;
		};
		70B85B44611BB6659AE8F22B /* Sources */ = {
			isa = PBXSourcesBuildPhase;
			buildActionMask = 2147483647;
			files = (
				27A7B2CA5A40F194D460BCAC,
				6C1516546D1928CF65AF0470,
			);
			runOnlyForDeploymentPostprocessing = 0;
		};
/* End PBXSourcesBuildPhase section */

/* Begin PBXTargetDependency section */
		706AFD10CF3A6D2EE2AF7544 /* PBXTargetDependency */ = {
			isa = PBXTargetDependency;
			target = 99045266A7D8AFE5BCCC835B;
			targetProxy = AE3FF6DD794DABCCDBC3CCD8;
		};
/* End PBXTargetDependency section */

/* Begin PBXContainerItemProxy section */
		AE3FF6DD794DABCCDBC3CCD8 /* PBXContainerItemProxy */ = {
			isa = PBXContainerItemProxy;
			containerPortal = 27795C07EB386CC82705FF25;
			proxyType = 1;
			remoteGlobalIDString = 99045266A7D8AFE5BCCC835B;
			remoteInfo = ShareExtension;
		};
/* End PBXContainerItemProxy section */

/* Begin XCBuildConfiguration section */
		/* Project Debug */
		7F0239553CC1606B3A00814C /* Debug */ = {
			isa = XCBuildConfiguration;
			buildSettings = {
				ALWAYS_SEARCH_USER_PATHS = NO;
				CLANG_ENABLE_MODULES = YES;
				CLANG_ENABLE_OBJC_ARC = YES;
				CODE_SIGN_STYLE = Automatic;
				COPY_PHASE_STRIP = NO;
				DEBUG_INFORMATION_FORMAT = dwarf;
				ENABLE_STRICT_OBJC_MSGSEND = YES;
				GCC_DYNAMIC_NO_PIC = NO;
				GCC_OPTIMIZATION_LEVEL = 0;
				GCC_PREPROCESSOR_DEFINITIONS = (
					"DEBUG=1",
					"$(inherited)",
				);
				IPHONEOS_DEPLOYMENT_TARGET = 17.0;
				MTL_ENABLE_DEBUG_INFO = INCLUDE_SOURCE;
				ONLY_ACTIVE_ARCH = YES;
				SDKROOT = iphoneos;
				SWIFT_ACTIVE_COMPILATION_CONDITIONS = DEBUG;
				SWIFT_OPTIMIZATION_LEVEL = "-Onone";
				SWIFT_VERSION = 5.9;
			};
			name = Debug;
		};
		/* Project Release */
		19BADB73F6F4A0E7AD83DD0D /* Release */ = {
			isa = XCBuildConfiguration;
			buildSettings = {
				ALWAYS_SEARCH_USER_PATHS = NO;
				CLANG_ENABLE_MODULES = YES;
				CLANG_ENABLE_OBJC_ARC = YES;
				CODE_SIGN_STYLE = Automatic;
				COPY_PHASE_STRIP = NO;
				DEBUG_INFORMATION_FORMAT = "dwarf-with-dsym";
				ENABLE_NS_ASSERTIONS = NO;
				ENABLE_STRICT_OBJC_MSGSEND = YES;
				IPHONEOS_DEPLOYMENT_TARGET = 17.0;
				MTL_ENABLE_DEBUG_INFO = NO;
				SDKROOT = iphoneos;
				SWIFT_COMPILATION_MODE = wholemodule;
				SWIFT_OPTIMIZATION_LEVEL = "-O";
				SWIFT_VERSION = 5.9;
				VALIDATE_PRODUCT = YES;
			};
			name = Release;
		};
		/* Marks Debug */
		4D81DB86A5DFF834A6975439 /* Debug */ = {
			isa = XCBuildConfiguration;
			buildSettings = {
				ASSETCATALOG_COMPILER_APPICON_NAME = AppIcon;
				ASSETCATALOG_COMPILER_GLOBAL_ACCENT_COLOR_NAME = AccentColor;
				CODE_SIGN_ENTITLEMENTS = "";
				CODE_SIGN_STYLE = Automatic;
				CURRENT_PROJECT_VERSION = 1;
				INFOPLIST_FILE = Marks/Info.plist;
				INFOPLIST_KEY_CFBundleDisplayName = Marks;
				INFOPLIST_KEY_UIApplicationSceneManifest_Generation = YES;
				INFOPLIST_KEY_UIApplicationSupportsIndirectInputEvents = YES;
				INFOPLIST_KEY_UILaunchScreen_Generation = YES;
				INFOPLIST_KEY_UISupportedInterfaceOrientations_iPad = "UIInterfaceOrientationPortrait UIInterfaceOrientationPortraitUpsideDown UIInterfaceOrientationLandscapeLeft UIInterfaceOrientationLandscapeRight";
				INFOPLIST_KEY_UISupportedInterfaceOrientations_iPhone = "UIInterfaceOrientationPortrait UIInterfaceOrientationLandscapeLeft UIInterfaceOrientationLandscapeRight";
				MARKETING_VERSION = 1.0.0;
				PRODUCT_BUNDLE_IDENTIFIER = com.marks.app;
				PRODUCT_NAME = "$(TARGET_NAME)";
				SWIFT_EMIT_LOC_STRINGS = YES;
				TARGETED_DEVICE_FAMILY = "1,2";
			};
			name = Debug;
		};
		/* Marks Release */
		749C7541249DF4D9D059062C /* Release */ = {
			isa = XCBuildConfiguration;
			buildSettings = {
				ASSETCATALOG_COMPILER_APPICON_NAME = AppIcon;
				ASSETCATALOG_COMPILER_GLOBAL_ACCENT_COLOR_NAME = AccentColor;
				CODE_SIGN_ENTITLEMENTS = "";
				CODE_SIGN_STYLE = Automatic;
				CURRENT_PROJECT_VERSION = 1;
				INFOPLIST_FILE = Marks/Info.plist;
				INFOPLIST_KEY_CFBundleDisplayName = Marks;
				INFOPLIST_KEY_UIApplicationSceneManifest_Generation = YES;
				INFOPLIST_KEY_UIApplicationSupportsIndirectInputEvents = YES;
				INFOPLIST_KEY_UILaunchScreen_Generation = YES;
				INFOPLIST_KEY_UISupportedInterfaceOrientations_iPad = "UIInterfaceOrientationPortrait UIInterfaceOrientationPortraitUpsideDown UIInterfaceOrientationLandscapeLeft UIInterfaceOrientationLandscapeRight";
				INFOPLIST_KEY_UISupportedInterfaceOrientations_iPhone = "UIInterfaceOrientationPortrait UIInterfaceOrientationLandscapeLeft UIInterfaceOrientationLandscapeRight";
				MARKETING_VERSION = 1.0.0;
				PRODUCT_BUNDLE_IDENTIFIER = com.marks.app;
				PRODUCT_NAME = "$(TARGET_NAME)";
				SWIFT_EMIT_LOC_STRINGS = YES;
				TARGETED_DEVICE_FAMILY = "1,2";
			};
			name = Release;
		};
		/* ShareExtension Debug */
		4DFAE015C40999077247951F /* Debug */ = {
			isa = XCBuildConfiguration;
			buildSettings = {
				CODE_SIGN_STYLE = Automatic;
				CURRENT_PROJECT_VERSION = 1;
				INFOPLIST_FILE = ShareExtension/Info.plist;
				INFOPLIST_KEY_CFBundleDisplayName = "Save to Marks";
				INFOPLIST_KEY_NSExtension = "";
				MARKETING_VERSION = 1.0.0;
				PRODUCT_BUNDLE_IDENTIFIER = com.marks.app.share;
				PRODUCT_NAME = "$(TARGET_NAME)";
				SWIFT_EMIT_LOC_STRINGS = YES;
				TARGETED_DEVICE_FAMILY = "1,2";
			};
			name = Debug;
		};
		/* ShareExtension Release */
		8D317D882EE6B2169F73637E /* Release */ = {
			isa = XCBuildConfiguration;
			buildSettings = {
				CODE_SIGN_STYLE = Automatic;
				CURRENT_PROJECT_VERSION = 1;
				INFOPLIST_FILE = ShareExtension/Info.plist;
				INFOPLIST_KEY_CFBundleDisplayName = "Save to Marks";
				INFOPLIST_KEY_NSExtension = "";
				MARKETING_VERSION = 1.0.0;
				PRODUCT_BUNDLE_IDENTIFIER = com.marks.app.share;
				PRODUCT_NAME = "$(TARGET_NAME)";
				SWIFT_EMIT_LOC_STRINGS = YES;
				TARGETED_DEVICE_FAMILY = "1,2";
			};
			name = Release;
		};
/* End XCBuildConfiguration section */

/* Begin XCConfigurationList section */
		/* Project */
		FB373DB91C119157E2D48979 /* Build configuration list for PBXProject */ = {
			isa = XCConfigurationList;
			buildConfigurations = (
				7F0239553CC1606B3A00814C,
				19BADB73F6F4A0E7AD83DD0D,
			);
			defaultConfigurationIsVisible = 0;
			defaultConfigurationName = Release;
		};
		/* Marks */
		04FDE66DF431A3EA1DCE13B8 /* Build configuration list for Marks */ = {
			isa = XCConfigurationList;
			buildConfigurations = (
				4D81DB86A5DFF834A6975439,
				749C7541249DF4D9D059062C,
			);
			defaultConfigurationIsVisible = 0;
			defaultConfigurationName = Release;
		};
		/* ShareExtension */
		CA61508FD79CFFFADD7BCEDA /* Build configuration list for ShareExtension */ = {
			isa = XCConfigurationList;
			buildConfigurations = (
				4DFAE015C40999077247951F,
				8D317D882EE6B2169F73637E,
			);
			defaultConfigurationIsVisible = 0;
			defaultConfigurationName = Release;
		};
/* End XCConfigurationList section */

/* Begin XCRemoteSwiftPackageReference section */
		9E94C250C95EDC52FC81F157 /* XCRemoteSwiftPackageReference "supabase-swift" */ = {
			isa = XCRemoteSwiftPackageReference;
			repositoryURL = "https://github.com/supabase/supabase-swift.git";
			requirement = {
				kind = upToNextMajorVersion;
				minimumVersion = 2.0.0;
			};
		};
/* End XCRemoteSwiftPackageReference section */

/* Begin XCSwiftPackageProductDependency section */
		F726C9FD3A46FE36FDE358D5 /* Supabase */ = {
			isa = XCSwiftPackageProductDependency;
			package = 9E94C250C95EDC52FC81F157;
			productName = Supabase;
		};
		71BAA8FCC1A5DB493D18BB91 /* Supabase */ = {
			isa = XCSwiftPackageProductDependency;
			package = 9E94C250C95EDC52FC81F157;
			productName = Supabase;
		};
/* End XCSwiftPackageProductDependency section */
	};
	rootObject = 27795C07EB386CC82705FF25;
}
